// !$*UTF8*$!
{
	archiveVersion = 1;
	classes = {
	};
	objectVersion = 56;
	objects = {

/* Begin PBXBuildFile section */
		AE7839673034F16A00F1555E /* BarTabApp.swift in Sources */ = {isa = PBXBuildFile; fileRef = AE7839663034F16A00F1555E /* BarTabApp.swift */; };
		AE78396B3034F16B00F1555E /* Assets.xcassets in Resources */ = {isa = PBXBuildFile; fileRef = AE78396A3034F16B00F1555E /* Assets.xcassets */; };
		AE78396E3034F16B00F1555E /* Preview Assets.xcassets in Resources */ = {isa = PBXBuildFile; fileRef = AE78396D3034F16B00F1555E /* Preview Assets.xcassets */; };
		AE7839783034F16B00F1555E /* BarTabTests.swift in Sources */ = {isa = PBXBuildFile; fileRef = AE7839773034F16B00F1555E /* BarTabTests.swift */; };
		AE7839823034F16B00F1555E /* BarTabUITests.swift in Sources */ = {isa = PBXBuildFile; fileRef = AE7839813034F16B00F1555E /* BarTabUITests.swift */; };
		AE7839843034F16B00F1555E /* BarTabUITestsLaunchTests.swift in Sources */ = {isa = PBXBuildFile; fileRef = AE7839833034F16B00F1555E /* BarTabUITestsLaunchTests.swift */; };
		AE7839973034F4E700F1555E /* README.md in Resources */ = {isa = PBXBuildFile; fileRef = AE7839963034F4E700F1555E /* README.md */; };
		AEA1BD703035ECF800DE059C /* SupabaseDTOs.swift in Sources */ = {isa = PBXBuildFile; fileRef = AEA1BD6F3035ECF800DE059C /* SupabaseDTOs.swift */; };
		AEA1BD723035ED1C00DE059C /* SupbabaseClient.swift in Sources */ = {isa = PBXBuildFile; fileRef = AEA1BD713035ED1C00DE059C /* SupbabaseClient.swift */; };
		AEF0361A3034F92700BDA1CC /* MapView.swift in Sources */ = {isa = PBXBuildFile; fileRef = AEF036193034F92700BDA1CC /* MapView.swift */; };
		AEF036223034FC6100BDA1CC /* LocationService.swift in Sources */ = {isa = PBXBuildFile; fileRef = AEF036213034FC6100BDA1CC /* LocationService.swift */; };
		AEF03628303509AB00BDA1CC /* Bar.swift in Sources */ = {isa = PBXBuildFile; fileRef = AEF03627303509AB00BDA1CC /* Bar.swift */; };
		AEF0362A303509E500BDA1CC /* MockBar.swift in Sources */ = {isa = PBXBuildFile; fileRef = AEF03629303509E500BDA1CC /* MockBar.swift */; };
		AEF0362C30350C5100BDA1CC /* BarView.swift in Sources */ = {isa = PBXBuildFile; fileRef = AEF0362B30350C5100BDA1CC /* BarView.swift */; };
		AEF0362F30350E1200BDA1CC /* BarTabColors.swift in Sources */ = {isa = PBXBuildFile; fileRef = AEF0362E30350E1200BDA1CC /* BarTabColors.swift */; };
		AEF0363130350EA400BDA1CC /* Price.swift in Sources */ = {isa = PBXBuildFile; fileRef = AEF0363030350EA400BDA1CC /* Price.swift */; };
		AEF0363330350F0000BDA1CC /* Drink.swift in Sources */ = {isa = PBXBuildFile; fileRef = AEF0363230350F0000BDA1CC /* Drink.swift */; };
		AEF0363530350F4500BDA1CC /* DrinkSize.swift in Sources */ = {isa = PBXBuildFile; fileRef = AEF0363430350F4500BDA1CC /* DrinkSize.swift */; };
		AEF0363730350F6800BDA1CC /* MockPrices.swift in Sources */ = {isa = PBXBuildFile; fileRef = AEF0363630350F6800BDA1CC /* MockPrices.swift */; };
		AEF03639303510D700BDA1CC /* AddPriceView.swift in Sources */ = {isa = PBXBuildFile; fileRef = AEF03638303510D700BDA1CC /* AddPriceView.swift */; };
		AEF0363B3035140B00BDA1CC /* BarRepository.swift in Sources */ = {isa = PBXBuildFile; fileRef = AEF0363A3035140B00BDA1CC /* BarRepository.swift */; };
		AEF0363D303515C100BDA1CC /* User.swift in Sources */ = {isa = PBXBuildFile; fileRef = AEF0363C303515C100BDA1CC /* User.swift */; };
		AEF0363F303515D400BDA1CC /* UserSession.swift in Sources */ = {isa = PBXBuildFile; fileRef = AEF0363E303515D400BDA1CC /* UserSession.swift */; };
		AEF036413035160F00BDA1CC /* ProfileView.swift in Sources */ = {isa = PBXBuildFile; fileRef = AEF036403035160F00BDA1CC /* ProfileView.swift */; };
		AEF03643303518F900BDA1CC /* MainTabView.swift in Sources */ = {isa = PBXBuildFile; fileRef = AEF03642303518F900BDA1CC /* MainTabView.swift */; };
		AEF0364730351C9700BDA1CC /* MyContributionsView.swift in Sources */ = {isa = PBXBuildFile; fileRef = AEF0364630351C9700BDA1CC /* MyContributionsView.swift */; };
		AEF0364B3035260A00BDA1CC /* DistanceService.swift in Sources */ = {isa = PBXBuildFile; fileRef = AEF0364A3035260A00BDA1CC /* DistanceService.swift */; };
		AEF0364D3035B7AC00BDA1CC /* AddBarView.swift in Sources */ = {isa = PBXBuildFile; fileRef = AEF0364C3035B7AC00BDA1CC /* AddBarView.swift */; };
		AEF0364F3035B7DB00BDA1CC /* LocationPickerView.swift in Sources */ = {isa = PBXBuildFile; fileRef = AEF0364E3035B7DB00BDA1CC /* LocationPickerView.swift */; };
		AEF036513035B9EE00BDA1CC /* PlaceSearchService.swift in Sources */ = {isa = PBXBuildFile; fileRef = AEF036503035B9EE00BDA1CC /* PlaceSearchService.swift */; };
		AEF036533035BB2A00BDA1CC /* DrinkBrand.swift in Sources */ = {isa = PBXBuildFile; fileRef = AEF036523035BB2A00BDA1CC /* DrinkBrand.swift */; };
		AEF036553035BB3F00BDA1CC /* DrinkBrands.swift in Sources */ = {isa = PBXBuildFile; fileRef = AEF036543035BB3F00BDA1CC /* DrinkBrands.swift */; };
		AEF036573035BF5100BDA1CC /* LoginView.swift in Sources */ = {isa = PBXBuildFile; fileRef = AEF036563035BF5100BDA1CC /* LoginView.swift */; };
		AEF036593035C62000BDA1CC /* PriceConfidence.swift in Sources */ = {isa = PBXBuildFile; fileRef = AEF036583035C62000BDA1CC /* PriceConfidence.swift */; };
		AEF0365B3035C7FA00BDA1CC /* PriceSummary.swift in Sources */ = {isa = PBXBuildFile; fileRef = AEF0365A3035C7FA00BDA1CC /* PriceSummary.swift */; };
		AEF0365D3035C80000BDA1CC /* BarTabTheme.swift in Sources */ = {isa = PBXBuildFile; fileRef = AEF0365C3035C80000BDA1CC /* BarTabTheme.swift */; };
		AEF0365F3035C80000BDA1CC /* MyBarsView.swift in Sources */ = {isa = PBXBuildFile; fileRef = AEF0365E3035C80000BDA1CC /* MyBarsView.swift */; };
		AEF036623035E00000BDA1CC /* PriceTrendChart.swift in Sources */ = {isa = PBXBuildFile; fileRef = AEF036613035E00000BDA1CC /* PriceTrendChart.swift */; };
		AEF036643035E10000BDA1CC /* ContentReport.swift in Sources */ = {isa = PBXBuildFile; fileRef = AEF036633035E10000BDA1CC /* ContentReport.swift */; };
		AEF036663035E20000BDA1CC /* AdminReportsView.swift in Sources */ = {isa = PBXBuildFile; fileRef = AEF036653035E20000BDA1CC /* AdminReportsView.swift */; };
		AEF036683035E20000BDA1CC /* ReportNotificationService.swift in Sources */ = {isa = PBXBuildFile; fileRef = AEF036673035E20000BDA1CC /* ReportNotificationService.swift */; };
		AEF0366A3035E30000BDA1CC /* KeychainService.swift in Sources */ = {isa = PBXBuildFile; fileRef = AEF036693035E30000BDA1CC /* KeychainService.swift */; };
		AEF036723035E40000BDA1CC /* SupabaseAuthService.swift in Sources */ = {isa = PBXBuildFile; fileRef = AEF036713035E40000BDA1CC /* SupabaseAuthService.swift */; };
		BRTA00013060000100000001 /* BarRating.swift in Sources */ = {isa = PBXBuildFile; fileRef = BRTA00013060000100000002 /* BarRating.swift */; };
		BRTA00013060000100000005 /* StarRatingView.swift in Sources */ = {isa = PBXBuildFile; fileRef = BRTA00013060000100000006 /* StarRatingView.swift */; };
		BRTA00013060000100000007 /* RequestBrandSheet.swift in Sources */ = {isa = PBXBuildFile; fileRef = BRTA00013060000100000008 /* RequestBrandSheet.swift */; };
		BRTA00013060000100000009 /* AdminBrandRequestsView.swift in Sources */ = {isa = PBXBuildFile; fileRef = BRTA0001306000010000000A /* AdminBrandRequestsView.swift */; };
		BRTA0001306000010000000B /* BrandRequest.swift in Sources */ = {isa = PBXBuildFile; fileRef = BRTA0001306000010000000C /* BrandRequest.swift */; };
		BRTA0001306000010000000D /* RateBarSheet.swift in Sources */ = {isa = PBXBuildFile; fileRef = BRTA0001306000010000000E /* RateBarSheet.swift */; };
		BRTA00013060000100000011 /* AmbienceStyle.swift in Sources */ = {isa = PBXBuildFile; fileRef = BRTA00013060000100000010 /* AmbienceStyle.swift */; };
		BRTA00013060000100000012 /* NearbyView.swift in Sources */ = {isa = PBXBuildFile; fileRef = BRTA00013060000100000013 /* NearbyView.swift */; };
		BRTA00013060000100000014 /* UserLevel.swift in Sources */ = {isa = PBXBuildFile; fileRef = BRTA00013060000100000015 /* UserLevel.swift */; };
		BRTA00013060000100000016 /* SettingsView.swift in Sources */ = {isa = PBXBuildFile; fileRef = BRTA00013060000100000017 /* SettingsView.swift */; };
		BRTA00013060000100000018 /* DrinkStyle.swift in Sources */ = {isa = PBXBuildFile; fileRef = BRTA00013060000100000019 /* DrinkStyle.swift */; };
		BRTA0001306000010000001A /* ServingMethod.swift in Sources */ = {isa = PBXBuildFile; fileRef = BRTA0001306000010000001B /* ServingMethod.swift */; };
		BRTA0001306000010000001C /* DrinkRating.swift in Sources */ = {isa = PBXBuildFile; fileRef = BRTA0001306000010000001D /* DrinkRating.swift */; };
		BRTA0001306000010000001E /* LanguageManager.swift in Sources */ = {isa = PBXBuildFile; fileRef = BRTA0001306000010000001F /* LanguageManager.swift */; };
		BRTA00013060000100000026 /* LeaderboardView.swift in Sources */ = {isa = PBXBuildFile; fileRef = BRTA00013060000100000025 /* LeaderboardView.swift */; };
		BRTA00013060000100000027 /* FlowLayout.swift in Sources */ = {isa = PBXBuildFile; fileRef = BRTA00013060000100000028 /* FlowLayout.swift */; };
		BRTA00013060000100000029 /* Currency.swift in Sources */ = {isa = PBXBuildFile; fileRef = BRTA0001306000010000002A /* Currency.swift */; };
		BRTA0001306000010000002B /* ExchangeRateService.swift in Sources */ = {isa = PBXBuildFile; fileRef = BRTA0001306000010000002C /* ExchangeRateService.swift */; };
		BRTA00013060000100000033 /* ToastCenter.swift in Sources */ = {isa = PBXBuildFile; fileRef = BRTA00013060000100000030 /* ToastCenter.swift */; };
		BRTA00013060000100000034 /* AvatarService.swift in Sources */ = {isa = PBXBuildFile; fileRef = BRTA00013060000100000031 /* AvatarService.swift */; };
		BRTA00013060000100000036 /* HapticEngine.swift in Sources */ = {isa = PBXBuildFile; fileRef = BRTA00013060000100000035 /* HapticEngine.swift */; };
		BRTA00013060000100000038 /* DrinkRatingSheet.swift in Sources */ = {isa = PBXBuildFile; fileRef = BRTA00013060000100000037 /* DrinkRatingSheet.swift */; };
		BRTA00013070000100000020 /* en.lproj in Resources */ = {isa = PBXBuildFile; fileRef = BRTA00013060000100000020 /* en.lproj */; };
		BRTA00013070000100000021 /* de.lproj in Resources */ = {isa = PBXBuildFile; fileRef = BRTA00013060000100000021 /* de.lproj */; };
		BRTA00013070000100000022 /* fr.lproj in Resources */ = {isa = PBXBuildFile; fileRef = BRTA00013060000100000022 /* fr.lproj */; };
		BRTA00013070000100000023 /* it.lproj in Resources */ = {isa = PBXBuildFile; fileRef = BRTA00013060000100000023 /* it.lproj */; };
		BRTA00014000000000000050 /* Follow.swift in Sources */ = {isa = PBXBuildFile; fileRef = BRTA00014000000000000040 /* Follow.swift */; };
		BRTA00014000000000000051 /* BarGroup.swift in Sources */ = {isa = PBXBuildFile; fileRef = BRTA00014000000000000041 /* BarGroup.swift */; };
		BRTA00014000000000000052 /* Poll.swift in Sources */ = {isa = PBXBuildFile; fileRef = BRTA00014000000000000042 /* Poll.swift */; };
		BRTA00014000000000000053 /* PriceAlert.swift in Sources */ = {isa = PBXBuildFile; fileRef = BRTA00014000000000000043 /* PriceAlert.swift */; };
		BRTA00014000000000000054 /* ActivityItem.swift in Sources */ = {isa = PBXBuildFile; fileRef = BRTA00014000000000000044 /* ActivityItem.swift */; };
		BRTA00014000000000000055 /* FollowButton.swift in Sources */ = {isa = PBXBuildFile; fileRef = BRTA00014000000000000045 /* FollowButton.swift */; };
		BRTA00014000000000000056 /* ActivityFeedView.swift in Sources */ = {isa = PBXBuildFile; fileRef = BRTA00014000000000000046 /* ActivityFeedView.swift */; };
		BRTA00014000000000000057 /* GroupPlanningView.swift in Sources */ = {isa = PBXBuildFile; fileRef = BRTA00014000000000000047 /* GroupPlanningView.swift */; };
		BRTA00014000000000000058 /* CreateGroupSheet.swift in Sources */ = {isa = PBXBuildFile; fileRef = BRTA00014000000000000048 /* CreateGroupSheet.swift */; };
		BRTA00014000000000000059 /* GroupDetailView.swift in Sources */ = {isa = PBXBuildFile; fileRef = BRTA00014000000000000049 /* GroupDetailView.swift */; };
		BRTA0001400000000000005A /* CreatePollSheet.swift in Sources */ = {isa = PBXBuildFile; fileRef = BRTA0001400000000000004A /* CreatePollSheet.swift */; };
		BRTA0001400000000000005B /* InviteMemberSheet.swift in Sources */ = {isa = PBXBuildFile; fileRef = BRTA0001400000000000004B /* InviteMemberSheet.swift */; };
		BRTA0001400000000000005C /* SetAlertSheet.swift in Sources */ = {isa = PBXBuildFile; fileRef = BRTA0001400000000000004C /* SetAlertSheet.swift */; };
		BRTA0001400000000000005D /* PriceAlertListView.swift in Sources */ = {isa = PBXBuildFile; fileRef = BRTA0001400000000000004D /* PriceAlertListView.swift */; };
		BRTA00014000000000000060 /* FindUsersView.swift in Sources */ = {isa = PBXBuildFile; fileRef = BRTA00014000000000000061 /* FindUsersView.swift */; };
		BRTA00014000000000000062 /* FollowRequestsView.swift in Sources */ = {isa = PBXBuildFile; fileRef = BRTA00014000000000000063 /* FollowRequestsView.swift */; };
		BRTA00014000000000000064 /* ForgotPasswordView.swift in Sources */ = {isa = PBXBuildFile; fileRef = BRTA00014000000000000065 /* ForgotPasswordView.swift */; };
		BRTA0002A000000000000002 /* PriceAlertService.swift in Sources */ = {isa = PBXBuildFile; fileRef = BRTA0002A000000000000001 /* PriceAlertService.swift */; };
		BRTA0002A000000000000004 /* EditBarView.swift in Sources */ = {isa = PBXBuildFile; fileRef = BRTA0002A000000000000003 /* EditBarView.swift */; };
		BRTA0002A000000000000006 /* OnboardingView.swift in Sources */ = {isa = PBXBuildFile; fileRef = BRTA0002A000000000000005 /* OnboardingView.swift */; };
		BRTA0002A000000000000008 /* Badge.swift in Sources */ = {isa = PBXBuildFile; fileRef = BRTA0002A000000000000007 /* Badge.swift */; };
		BRTA0002A00000000000000A /* BadgeService.swift in Sources */ = {isa = PBXBuildFile; fileRef = BRTA0002A000000000000009 /* BadgeService.swift */; };
		BRTA0002A00000000000000C /* BadgeGridView.swift in Sources */ = {isa = PBXBuildFile; fileRef = BRTA0002A00000000000000B /* BadgeGridView.swift */; };
		BRTA0002A00000000000000E /* DrinkComparisonView.swift in Sources */ = {isa = PBXBuildFile; fileRef = BRTA0002A00000000000000D /* DrinkComparisonView.swift */; };
		D89F6316A443377571D44C4B /* UserAvatarView.swift in Sources */ = {isa = PBXBuildFile; fileRef = 5FAAFB5B7BF0B34FEE99FD9B /* UserAvatarView.swift */; };
		BRTA0002A000000000000010 /* FollowingListView.swift in Sources */ = {isa = PBXBuildFile; fileRef = BRTA0002A000000000000011 /* FollowingListView.swift */; };
		BRTA306182674467065205936491 /* BarAttribute.swift in Sources */ = {isa = PBXBuildFile; fileRef = BRTA202380054084250574808385 /* BarAttribute.swift */; };
		BRTA177378808628329972154536 /* AttributeDetailSheet.swift in Sources */ = {isa = PBXBuildFile; fileRef = BRTA583042391621098503552326 /* AttributeDetailSheet.swift */; };
		BRTA136692486567988537829990 /* AllAttributesSheet.swift in Sources */ = {isa = PBXBuildFile; fileRef = BRTA232201184009195062427639 /* AllAttributesSheet.swift */; };
/* End PBXBuildFile section */

/* Begin PBXContainerItemProxy section */
		AE7839743034F16B00F1555E /* PBXContainerItemProxy */ = {
			isa = PBXContainerItemProxy;
			containerPortal = AE78395B3034F16A00F1555E /* Project object */;
			proxyType = 1;
			remoteGlobalIDString = AE7839623034F16A00F1555E;
			remoteInfo = BarTab;
		};
		AE78397E3034F16B00F1555E /* PBXContainerItemProxy */ = {
			isa = PBXContainerItemProxy;
			containerPortal = AE78395B3034F16A00F1555E /* Project object */;
			proxyType = 1;
			remoteGlobalIDString = AE7839623034F16A00F1555E;
			remoteInfo = BarTab;
		};
/* End PBXContainerItemProxy section */

/* Begin PBXFileReference section */
		AE7839633034F16A00F1555E /* BarTab.app */ = {isa = PBXFileReference; explicitFileType = wrapper.application; includeInIndex = 0; path = BarTab.app; sourceTree = BUILT_PRODUCTS_DIR; };
		AE7839663034F16A00F1555E /* BarTabApp.swift */ = {isa = PBXFileReference; lastKnownFileType = sourcecode.swift; path = BarTabApp.swift; sourceTree = "<group>"; };
		AE78396A3034F16B00F1555E /* Assets.xcassets */ = {isa = PBXFileReference; lastKnownFileType = folder.assetcatalog; path = Assets.xcassets; sourceTree = "<group>"; };
		AE78396D3034F16B00F1555E /* Preview Assets.xcassets */ = {isa = PBXFileReference; lastKnownFileType = folder.assetcatalog; path = "Preview Assets.xcassets"; sourceTree = "<group>"; };
		AE7839733034F16B00F1555E /* BarTabTests.xctest */ = {isa = PBXFileReference; explicitFileType = wrapper.cfbundle; includeInIndex = 0; path = BarTabTests.xctest; sourceTree = BUILT_PRODUCTS_DIR; };
		AE7839773034F16B00F1555E /* BarTabTests.swift */ = {isa = PBXFileReference; lastKnownFileType = sourcecode.swift; path = BarTabTests.swift; sourceTree = "<group>"; };
		AE78397D3034F16B00F1555E /* BarTabUITests.xctest */ = {isa = PBXFileReference; explicitFileType = wrapper.cfbundle; includeInIndex = 0; path = BarTabUITests.xctest; sourceTree = BUILT_PRODUCTS_DIR; };
		AE7839813034F16B00F1555E /* BarTabUITests.swift */ = {isa = PBXFileReference; lastKnownFileType = sourcecode.swift; path = BarTabUITests.swift; sourceTree = "<group>"; };
		AE7839833034F16B00F1555E /* BarTabUITestsLaunchTests.swift */ = {isa = PBXFileReference; lastKnownFileType = sourcecode.swift; path = BarTabUITestsLaunchTests.swift; sourceTree = "<group>"; };
		AE7839963034F4E700F1555E /* README.md */ = {isa = PBXFileReference; fileEncoding = 4; lastKnownFileType = net.daringfireball.markdown; path = README.md; sourceTree = "<group>"; };
		AEA1BD6F3035ECF800DE059C /* SupabaseDTOs.swift */ = {isa = PBXFileReference; lastKnownFileType = sourcecode.swift; path = SupabaseDTOs.swift; sourceTree = "<group>"; };
		AEA1BD713035ED1C00DE059C /* SupbabaseClient.swift */ = {isa = PBXFileReference; lastKnownFileType = sourcecode.swift; path = SupbabaseClient.swift; sourceTree = "<group>"; };
		AEF036193034F92700BDA1CC /* MapView.swift */ = {isa = PBXFileReference; lastKnownFileType = sourcecode.swift; path = MapView.swift; sourceTree = "<group>"; };
		AEF036213034FC6100BDA1CC /* LocationService.swift */ = {isa = PBXFileReference; lastKnownFileType = sourcecode.swift; path = LocationService.swift; sourceTree = "<group>"; };
		AEF03627303509AB00BDA1CC /* Bar.swift */ = {isa = PBXFileReference; fileEncoding = 4; lastKnownFileType = sourcecode.swift; path = Bar.swift; sourceTree = "<group>"; };
		AEF03629303509E500BDA1CC /* MockBar.swift */ = {isa = PBXFileReference; lastKnownFileType = sourcecode.swift; path = MockBar.swift; sourceTree = "<group>"; };
		AEF0362B30350C5100BDA1CC /* BarView.swift */ = {isa = PBXFileReference; lastKnownFileType = sourcecode.swift; path = BarView.swift; sourceTree = "<group>"; };
		AEF0362E30350E1200BDA1CC /* BarTabColors.swift */ = {isa = PBXFileReference; lastKnownFileType = sourcecode.swift; path = BarTabColors.swift; sourceTree = "<group>"; };
		AEF0363030350EA400BDA1CC /* Price.swift */ = {isa = PBXFileReference; lastKnownFileType = sourcecode.swift; path = Price.swift; sourceTree = "<group>"; };
		AEF0363230350F0000BDA1CC /* Drink.swift */ = {isa = PBXFileReference; lastKnownFileType = sourcecode.swift; path = Drink.swift; sourceTree = "<group>"; };
		AEF0363430350F4500BDA1CC /* DrinkSize.swift */ = {isa = PBXFileReference; lastKnownFileType = sourcecode.swift; path = DrinkSize.swift; sourceTree = "<group>"; };
		AEF0363630350F6800BDA1CC /* MockPrices.swift */ = {isa = PBXFileReference; lastKnownFileType = sourcecode.swift; path = MockPrices.swift; sourceTree = "<group>"; };
		AEF03638303510D700BDA1CC /* AddPriceView.swift */ = {isa = PBXFileReference; lastKnownFileType = sourcecode.swift; path = AddPriceView.swift; sourceTree = "<group>"; };
		AEF0363A3035140B00BDA1CC /* BarRepository.swift */ = {isa = PBXFileReference; lastKnownFileType = sourcecode.swift; path = BarRepository.swift; sourceTree = "<group>"; };
		AEF0363C303515C100BDA1CC /* User.swift */ = {isa = PBXFileReference; lastKnownFileType = sourcecode.swift; path = User.swift; sourceTree = "<group>"; };
		AEF0363E303515D400BDA1CC /* UserSession.swift */ = {isa = PBXFileReference; lastKnownFileType = sourcecode.swift; path = UserSession.swift; sourceTree = "<group>"; };
		AEF036403035160F00BDA1CC /* ProfileView.swift */ = {isa = PBXFileReference; lastKnownFileType = sourcecode.swift; path = ProfileView.swift; sourceTree = "<group>"; };
		AEF03642303518F900BDA1CC /* MainTabView.swift */ = {isa = PBXFileReference; lastKnownFileType = sourcecode.swift; path = MainTabView.swift; sourceTree = "<group>"; };
		AEF0364630351C9700BDA1CC /* MyContributionsView.swift */ = {isa = PBXFileReference; lastKnownFileType = sourcecode.swift; path = MyContributionsView.swift; sourceTree = "<group>"; };
		AEF0364A3035260A00BDA1CC /* DistanceService.swift */ = {isa = PBXFileReference; lastKnownFileType = sourcecode.swift; path = DistanceService.swift; sourceTree = "<group>"; };
		AEF0364C3035B7AC00BDA1CC /* AddBarView.swift */ = {isa = PBXFileReference; lastKnownFileType = sourcecode.swift; path = AddBarView.swift; sourceTree = "<group>"; };
		AEF0364E3035B7DB00BDA1CC /* LocationPickerView.swift */ = {isa = PBXFileReference; lastKnownFileType = sourcecode.swift; path = LocationPickerView.swift; sourceTree = "<group>"; };
		AEF036503035B9EE00BDA1CC /* PlaceSearchService.swift */ = {isa = PBXFileReference; lastKnownFileType = sourcecode.swift; path = PlaceSearchService.swift; sourceTree = "<group>"; };
		AEF036523035BB2A00BDA1CC /* DrinkBrand.swift */ = {isa = PBXFileReference; lastKnownFileType = sourcecode.swift; path = DrinkBrand.swift; sourceTree = "<group>"; };
		AEF036543035BB3F00BDA1CC /* DrinkBrands.swift */ = {isa = PBXFileReference; lastKnownFileType = sourcecode.swift; path = DrinkBrands.swift; sourceTree = "<group>"; };
		AEF036563035BF5100BDA1CC /* LoginView.swift */ = {isa = PBXFileReference; lastKnownFileType = sourcecode.swift; path = LoginView.swift; sourceTree = "<group>"; };
		AEF036583035C62000BDA1CC /* PriceConfidence.swift */ = {isa = PBXFileReference; lastKnownFileType = sourcecode.swift; path = PriceConfidence.swift; sourceTree = "<group>"; };
		AEF0365A3035C7FA00BDA1CC /* PriceSummary.swift */ = {isa = PBXFileReference; lastKnownFileType = sourcecode.swift; path = PriceSummary.swift; sourceTree = "<group>"; };
		AEF0365C3035C80000BDA1CC /* BarTabTheme.swift */ = {isa = PBXFileReference; lastKnownFileType = sourcecode.swift; path = BarTabTheme.swift; sourceTree = "<group>"; };
		AEF0365E3035C80000BDA1CC /* MyBarsView.swift */ = {isa = PBXFileReference; lastKnownFileType = sourcecode.swift; path = MyBarsView.swift; sourceTree = "<group>"; };
		AEF036603035D00000BDA1CC /* BarTab.entitlements */ = {isa = PBXFileReference; lastKnownFileType = text.plist.entitlements; path = BarTab.entitlements; sourceTree = "<group>"; };
		AEF036613035E00000BDA1CC /* PriceTrendChart.swift */ = {isa = PBXFileReference; lastKnownFileType = sourcecode.swift; path = PriceTrendChart.swift; sourceTree = "<group>"; };
		AEF036633035E10000BDA1CC /* ContentReport.swift */ = {isa = PBXFileReference; lastKnownFileType = sourcecode.swift; path = ContentReport.swift; sourceTree = "<group>"; };
		AEF036653035E20000BDA1CC /* AdminReportsView.swift */ = {isa = PBXFileReference; lastKnownFileType = sourcecode.swift; path = AdminReportsView.swift; sourceTree = "<group>"; };
		AEF036673035E20000BDA1CC /* ReportNotificationService.swift */ = {isa = PBXFileReference; lastKnownFileType = sourcecode.swift; path = ReportNotificationService.swift; sourceTree = "<group>"; };
		AEF036693035E30000BDA1CC /* KeychainService.swift */ = {isa = PBXFileReference; lastKnownFileType = sourcecode.swift; path = KeychainService.swift; sourceTree = "<group>"; };
		AEF036713035E40000BDA1CC /* SupabaseAuthService.swift */ = {isa = PBXFileReference; lastKnownFileType = sourcecode.swift; path = SupabaseAuthService.swift; sourceTree = "<group>"; };
		BRTA00013060000100000002 /* BarRating.swift */ = {isa = PBXFileReference; lastKnownFileType = sourcecode.swift; path = BarRating.swift; sourceTree = "<group>"; };
		BRTA00013060000100000006 /* StarRatingView.swift */ = {isa = PBXFileReference; lastKnownFileType = sourcecode.swift; path = StarRatingView.swift; sourceTree = "<group>"; };
		BRTA00013060000100000008 /* RequestBrandSheet.swift */ = {isa = PBXFileReference; lastKnownFileType = sourcecode.swift; path = RequestBrandSheet.swift; sourceTree = "<group>"; };
		BRTA0001306000010000000A /* AdminBrandRequestsView.swift */ = {isa = PBXFileReference; lastKnownFileType = sourcecode.swift; path = AdminBrandRequestsView.swift; sourceTree = "<group>"; };
		BRTA0001306000010000000C /* BrandRequest.swift */ = {isa = PBXFileReference; lastKnownFileType = sourcecode.swift; path = BrandRequest.swift; sourceTree = "<group>"; };
		BRTA0001306000010000000E /* RateBarSheet.swift */ = {isa = PBXFileReference; lastKnownFileType = sourcecode.swift; path = RateBarSheet.swift; sourceTree = "<group>"; };
		BRTA00013060000100000010 /* AmbienceStyle.swift */ = {isa = PBXFileReference; lastKnownFileType = sourcecode.swift; path = AmbienceStyle.swift; sourceTree = "<group>"; };
		BRTA00013060000100000013 /* NearbyView.swift */ = {isa = PBXFileReference; lastKnownFileType = sourcecode.swift; path = NearbyView.swift; sourceTree = "<group>"; };
		BRTA00013060000100000015 /* UserLevel.swift */ = {isa = PBXFileReference; lastKnownFileType = sourcecode.swift; path = UserLevel.swift; sourceTree = "<group>"; };
		BRTA00013060000100000017 /* SettingsView.swift */ = {isa = PBXFileReference; lastKnownFileType = sourcecode.swift; path = SettingsView.swift; sourceTree = "<group>"; };
		BRTA00013060000100000019 /* DrinkStyle.swift */ = {isa = PBXFileReference; lastKnownFileType = sourcecode.swift; path = DrinkStyle.swift; sourceTree = "<group>"; };
		BRTA0001306000010000001B /* ServingMethod.swift */ = {isa = PBXFileReference; lastKnownFileType = sourcecode.swift; path = ServingMethod.swift; sourceTree = "<group>"; };
		BRTA0001306000010000001D /* DrinkRating.swift */ = {isa = PBXFileReference; lastKnownFileType = sourcecode.swift; path = DrinkRating.swift; sourceTree = "<group>"; };
		BRTA0001306000010000001F /* LanguageManager.swift */ = {isa = PBXFileReference; lastKnownFileType = sourcecode.swift; path = LanguageManager.swift; sourceTree = "<group>"; };
		BRTA00013060000100000020 /* en.lproj */ = {isa = PBXFileReference; lastKnownFileType = folder; path = en.lproj; sourceTree = "<group>"; };
		BRTA00013060000100000021 /* de.lproj */ = {isa = PBXFileReference; lastKnownFileType = folder; path = de.lproj; sourceTree = "<group>"; };
		BRTA00013060000100000022 /* fr.lproj */ = {isa = PBXFileReference; lastKnownFileType = folder; path = fr.lproj; sourceTree = "<group>"; };
		BRTA00013060000100000023 /* it.lproj */ = {isa = PBXFileReference; lastKnownFileType = folder; path = it.lproj; sourceTree = "<group>"; };
		BRTA00013060000100000025 /* LeaderboardView.swift */ = {isa = PBXFileReference; lastKnownFileType = sourcecode.swift; path = LeaderboardView.swift; sourceTree = "<group>"; };
		BRTA00013060000100000028 /* FlowLayout.swift */ = {isa = PBXFileReference; lastKnownFileType = sourcecode.swift; path = FlowLayout.swift; sourceTree = "<group>"; };
		BRTA0001306000010000002A /* Currency.swift */ = {isa = PBXFileReference; lastKnownFileType = sourcecode.swift; path = Currency.swift; sourceTree = "<group>"; };
		BRTA0001306000010000002C /* ExchangeRateService.swift */ = {isa = PBXFileReference; lastKnownFileType = sourcecode.swift; path = ExchangeRateService.swift; sourceTree = "<group>"; };
		BRTA00013060000100000030 /* ToastCenter.swift */ = {isa = PBXFileReference; lastKnownFileType = sourcecode.swift; path = ToastCenter.swift; sourceTree = "<group>"; };
		BRTA00013060000100000031 /* AvatarService.swift */ = {isa = PBXFileReference; lastKnownFileType = sourcecode.swift; path = AvatarService.swift; sourceTree = "<group>"; };
		BRTA00013060000100000032 /* Info.plist */ = {isa = PBXFileReference; lastKnownFileType = text.plist.xml; path = Info.plist; sourceTree = "<group>"; };
		BRTA00013060000100000035 /* HapticEngine.swift */ = {isa = PBXFileReference; lastKnownFileType = sourcecode.swift; path = HapticEngine.swift; sourceTree = "<group>"; };
		BRTA00013060000100000037 /* DrinkRatingSheet.swift */ = {isa = PBXFileReference; lastKnownFileType = sourcecode.swift; path = DrinkRatingSheet.swift; sourceTree = "<group>"; };
		BRTA00014000000000000040 /* Follow.swift */ = {isa = PBXFileReference; lastKnownFileType = sourcecode.swift; path = Follow.swift; sourceTree = "<group>"; };
		BRTA00014000000000000041 /* BarGroup.swift */ = {isa = PBXFileReference; lastKnownFileType = sourcecode.swift; path = BarGroup.swift; sourceTree = "<group>"; };
		BRTA00014000000000000042 /* Poll.swift */ = {isa = PBXFileReference; lastKnownFileType = sourcecode.swift; path = Poll.swift; sourceTree = "<group>"; };
		BRTA00014000000000000043 /* PriceAlert.swift */ = {isa = PBXFileReference; lastKnownFileType = sourcecode.swift; path = PriceAlert.swift; sourceTree = "<group>"; };
		BRTA00014000000000000044 /* ActivityItem.swift */ = {isa = PBXFileReference; lastKnownFileType = sourcecode.swift; path = ActivityItem.swift; sourceTree = "<group>"; };
		BRTA00014000000000000045 /* FollowButton.swift */ = {isa = PBXFileReference; lastKnownFileType = sourcecode.swift; path = FollowButton.swift; sourceTree = "<group>"; };
		BRTA00014000000000000046 /* ActivityFeedView.swift */ = {isa = PBXFileReference; lastKnownFileType = sourcecode.swift; path = ActivityFeedView.swift; sourceTree = "<group>"; };
		BRTA00014000000000000047 /* GroupPlanningView.swift */ = {isa = PBXFileReference; lastKnownFileType = sourcecode.swift; path = GroupPlanningView.swift; sourceTree = "<group>"; };
		BRTA00014000000000000048 /* CreateGroupSheet.swift */ = {isa = PBXFileReference; lastKnownFileType = sourcecode.swift; path = CreateGroupSheet.swift; sourceTree = "<group>"; };
		BRTA00014000000000000049 /* GroupDetailView.swift */ = {isa = PBXFileReference; lastKnownFileType = sourcecode.swift; path = GroupDetailView.swift; sourceTree = "<group>"; };
		BRTA0001400000000000004A /* CreatePollSheet.swift */ = {isa = PBXFileReference; lastKnownFileType = sourcecode.swift; path = CreatePollSheet.swift; sourceTree = "<group>"; };
		BRTA0001400000000000004B /* InviteMemberSheet.swift */ = {isa = PBXFileReference; lastKnownFileType = sourcecode.swift; path = InviteMemberSheet.swift; sourceTree = "<group>"; };
		BRTA0001400000000000004C /* SetAlertSheet.swift */ = {isa = PBXFileReference; lastKnownFileType = sourcecode.swift; path = SetAlertSheet.swift; sourceTree = "<group>"; };
		BRTA0001400000000000004D /* PriceAlertListView.swift */ = {isa = PBXFileReference; lastKnownFileType = sourcecode.swift; path = PriceAlertListView.swift; sourceTree = "<group>"; };
		BRTA00014000000000000061 /* FindUsersView.swift */ = {isa = PBXFileReference; lastKnownFileType = sourcecode.swift; path = FindUsersView.swift; sourceTree = "<group>"; };
		BRTA00014000000000000063 /* FollowRequestsView.swift */ = {isa = PBXFileReference; lastKnownFileType = sourcecode.swift; path = FollowRequestsView.swift; sourceTree = "<group>"; };
		BRTA00014000000000000065 /* ForgotPasswordView.swift */ = {isa = PBXFileReference; lastKnownFileType = sourcecode.swift; path = ForgotPasswordView.swift; sourceTree = "<group>"; };
		BRTA0002A000000000000001 /* PriceAlertService.swift */ = {isa = PBXFileReference; lastKnownFileType = sourcecode.swift; path = PriceAlertService.swift; sourceTree = "<group>"; };
		BRTA0002A000000000000003 /* EditBarView.swift */ = {isa = PBXFileReference; lastKnownFileType = sourcecode.swift; path = EditBarView.swift; sourceTree = "<group>"; };
		BRTA0002A000000000000005 /* OnboardingView.swift */ = {isa = PBXFileReference; lastKnownFileType = sourcecode.swift; path = OnboardingView.swift; sourceTree = "<group>"; };
		BRTA0002A000000000000007 /* Badge.swift */ = {isa = PBXFileReference; lastKnownFileType = sourcecode.swift; path = Badge.swift; sourceTree = "<group>"; };
		BRTA0002A000000000000009 /* BadgeService.swift */ = {isa = PBXFileReference; lastKnownFileType = sourcecode.swift; path = BadgeService.swift; sourceTree = "<group>"; };
		BRTA0002A00000000000000B /* BadgeGridView.swift */ = {isa = PBXFileReference; lastKnownFileType = sourcecode.swift; path = BadgeGridView.swift; sourceTree = "<group>"; };
		BRTA0002A00000000000000D /* DrinkComparisonView.swift */ = {isa = PBXFileReference; lastKnownFileType = sourcecode.swift; path = DrinkComparisonView.swift; sourceTree = "<group>"; };
		5FAAFB5B7BF0B34FEE99FD9B /* UserAvatarView.swift */ = {isa = PBXFileReference; lastKnownFileType = sourcecode.swift; path = UserAvatarView.swift; sourceTree = "<group>"; };
		BRTA0002A000000000000011 /* FollowingListView.swift */ = {isa = PBXFileReference; lastKnownFileType = sourcecode.swift; path = FollowingListView.swift; sourceTree = "<group>"; };
		BRTA329008998742114159473160 /* BarAttribute.swift */ = {isa = PBXFileReference; lastKnownFileType = sourcecode.swift; path = BarAttribute.swift; sourceTree = "<group>"; };
		BRTA659651495282172293273044 /* AttributeDetailSheet.swift */ = {isa = PBXFileReference; lastKnownFileType = sourcecode.swift; path = AttributeDetailSheet.swift; sourceTree = "<group>"; };
		BRTA192571485359842947435953 /* AllAttributesSheet.swift */ = {isa = PBXFileReference; lastKnownFileType = sourcecode.swift; path = AllAttributesSheet.swift; sourceTree = "<group>"; };
/* End PBXFileReference section */

/* Begin PBXFrameworksBuildPhase section */
		AE7839603034F16A00F1555E /* Frameworks */ = {
			isa = PBXFrameworksBuildPhase;
			buildActionMask = 2147483647;
			files = (
			);
			runOnlyForDeploymentPostprocessing = 0;
		};
		AE7839703034F16B00F1555E /* Frameworks */ = {
			isa = PBXFrameworksBuildPhase;
			buildActionMask = 2147483647;
			files = (
			);
			runOnlyForDeploymentPostprocessing = 0;
		};
		AE78397A3034F16B00F1555E /* Frameworks */ = {
			isa = PBXFrameworksBuildPhase;
			buildActionMask = 2147483647;
			files = (
			);
			runOnlyForDeploymentPostprocessing = 0;
		};
/* End PBXFrameworksBuildPhase section */

/* Begin PBXGroup section */
		AE78395A3034F16A00F1555E = {
			isa = PBXGroup;
			children = (
				AE7839963034F4E700F1555E /* README.md */,
				AE7839653034F16A00F1555E /* BarTab */,
				AE7839763034F16B00F1555E /* BarTabTests */,
				AE7839803034F16B00F1555E /* BarTabUITests */,
				AE7839643034F16A00F1555E /* Products */,
				AE7959153035E879005EE91A /* Frameworks */,
			);
			sourceTree = "<group>";
		};
		AE7839643034F16A00F1555E /* Products */ = {
			isa = PBXGroup;
			children = (
				AE7839633034F16A00F1555E /* BarTab.app */,
				AE7839733034F16B00F1555E /* BarTabTests.xctest */,
				AE78397D3034F16B00F1555E /* BarTabUITests.xctest */,
			);
			name = Products;
			sourceTree = "<group>";
		};
		AE7839653034F16A00F1555E /* BarTab */ = {
			isa = PBXGroup;
			children = (
				AEA1BD6E3035ECE500DE059C /* DTOs */,
				AEF0362D30350DFE00BDA1CC /* Theme */,
				AEF036243035094800BDA1CC /* Models */,
				AEF036203034FC4E00BDA1CC /* Services */,
				AEF036183034F91400BDA1CC /* Views */,
				AE7839663034F16A00F1555E /* BarTabApp.swift */,
				AE78396A3034F16B00F1555E /* Assets.xcassets */,
				BRTA00013060000100000024 /* Resources */,
				BRTA00013060000100000020 /* en.lproj */,
				BRTA00013060000100000021 /* de.lproj */,
				BRTA00013060000100000022 /* fr.lproj */,
				BRTA00013060000100000023 /* it.lproj */,
				AEF036603035D00000BDA1CC /* BarTab.entitlements */,
				BRTA00013060000100000032 /* Info.plist */,
				AE78396C3034F16B00F1555E /* Preview Content */,
			);
			path = BarTab;
			sourceTree = "<group>";
		};
		AE78396C3034F16B00F1555E /* Preview Content */ = {
			isa = PBXGroup;
			children = (
				AE78396D3034F16B00F1555E /* Preview Assets.xcassets */,
							BRTA671990926243279943001973 /* BarAttribute.swift */,
							BRTA222340982848959195164671 /* AttributeDetailSheet.swift */,
				BRTA207187511186165081395703 /* AllAttributesSheet.swift */,
			);
			path = "Preview Content";
			sourceTree = "<group>";
		};
		AE7839763034F16B00F1555E /* BarTabTests */ = {
			isa = PBXGroup;
			children = (
				AE7839773034F16B00F1555E /* BarTabTests.swift */,
			);
			path = BarTabTests;
			sourceTree = "<group>";
		};
		AE7839803034F16B00F1555E /* BarTabUITests */ = {
			isa = PBXGroup;
			children = (
				AE7839813034F16B00F1555E /* BarTabUITests.swift */,
				AE7839833034F16B00F1555E /* BarTabUITestsLaunchTests.swift */,
			);
			path = BarTabUITests;
			sourceTree = "<group>";
		};
		AE7959153035E879005EE91A /* Frameworks */ = {
			isa = PBXGroup;
			children = (
			);
			name = Frameworks;
			sourceTree = "<group>";
		};
		AEA1BD6E3035ECE500DE059C /* DTOs */ = {
			isa = PBXGroup;
			children = (
				AEA1BD6F3035ECF800DE059C /* SupabaseDTOs.swift */,
			);
			path = DTOs;
			sourceTree = "<group>";
		};
		AEF036183034F91400BDA1CC /* Views */ = {
			isa = PBXGroup;
			children = (
				AEF036193034F92700BDA1CC /* MapView.swift */,
				AEF0362B30350C5100BDA1CC /* BarView.swift */,
				AEF03638303510D700BDA1CC /* AddPriceView.swift */,
				AEF036403035160F00BDA1CC /* ProfileView.swift */,
				AEF03642303518F900BDA1CC /* MainTabView.swift */,
				AEF0364630351C9700BDA1CC /* MyContributionsView.swift */,
				AEF0365E3035C80000BDA1CC /* MyBarsView.swift */,
				AEF036613035E00000BDA1CC /* PriceTrendChart.swift */,
				AEF0364C3035B7AC00BDA1CC /* AddBarView.swift */,
				AEF0364E3035B7DB00BDA1CC /* LocationPickerView.swift */,
				AEF036563035BF5100BDA1CC /* LoginView.swift */,
				BRTA00014000000000000065 /* ForgotPasswordView.swift */,
				AEF036653035E20000BDA1CC /* AdminReportsView.swift */,
				BRTA00013060000100000008 /* RequestBrandSheet.swift */,
				BRTA0001306000010000000A /* AdminBrandRequestsView.swift */,
				BRTA0001306000010000000E /* RateBarSheet.swift */,
				BRTA00013060000100000037 /* DrinkRatingSheet.swift */,
				BRTA00013060000100000013 /* NearbyView.swift */,
				BRTA00013060000100000017 /* SettingsView.swift */,
				BRTA00013060000100000025 /* LeaderboardView.swift */,
				BRTA00014000000000000045 /* FollowButton.swift */,
				BRTA00014000000000000046 /* ActivityFeedView.swift */,
				BRTA00014000000000000061 /* FindUsersView.swift */,
				BRTA00014000000000000063 /* FollowRequestsView.swift */,
				BRTA0002A000000000000011 /* FollowingListView.swift */,
				BRTA00014000000000000047 /* GroupPlanningView.swift */,
				BRTA00014000000000000048 /* CreateGroupSheet.swift */,
				BRTA00014000000000000049 /* GroupDetailView.swift */,
				BRTA0001400000000000004A /* CreatePollSheet.swift */,
				BRTA0001400000000000004B /* InviteMemberSheet.swift */,
				BRTA0001400000000000004C /* SetAlertSheet.swift */,
				BRTA0001400000000000004D /* PriceAlertListView.swift */,
				BRTA0002A000000000000003 /* EditBarView.swift */,
				BRTA0002A000000000000005 /* OnboardingView.swift */,
				BRTA0002A00000000000000B /* BadgeGridView.swift */,
				BRTA0002A00000000000000D /* DrinkComparisonView.swift */,
				5FAAFB5B7BF0B34FEE99FD9B /* UserAvatarView.swift */,
			);
			path = Views;
			sourceTree = "<group>";
		};
		AEF036203034FC4E00BDA1CC /* Services */ = {
			isa = PBXGroup;
			children = (
				AEF036213034FC6100BDA1CC /* LocationService.swift */,
				AEF0363A3035140B00BDA1CC /* BarRepository.swift */,
				AEF0363E303515D400BDA1CC /* UserSession.swift */,
				AEF0364A3035260A00BDA1CC /* DistanceService.swift */,
				AEF036503035B9EE00BDA1CC /* PlaceSearchService.swift */,
				AEF036583035C62000BDA1CC /* PriceConfidence.swift */,
				AEF0365A3035C7FA00BDA1CC /* PriceSummary.swift */,
				BRTA0001306000010000002C /* ExchangeRateService.swift */,
				AEF036673035E20000BDA1CC /* ReportNotificationService.swift */,
				AEF036693035E30000BDA1CC /* KeychainService.swift */,
				AEF036713035E40000BDA1CC /* SupabaseAuthService.swift */,
				BRTA0001306000010000001F /* LanguageManager.swift */,
				BRTA00013060000100000030 /* ToastCenter.swift */,
				BRTA00013060000100000031 /* AvatarService.swift */,
				BRTA00013060000100000035 /* HapticEngine.swift */,
				BRTA0002A000000000000001 /* PriceAlertService.swift */,
				BRTA0002A000000000000009 /* BadgeService.swift */,
			);
			path = Services;
			sourceTree = "<group>";
		};
		AEF036243035094800BDA1CC /* Models */ = {
			isa = PBXGroup;
			children = (
				AEF03627303509AB00BDA1CC /* Bar.swift */,
				AEF03629303509E500BDA1CC /* MockBar.swift */,
				AEF0363030350EA400BDA1CC /* Price.swift */,
				AEF0363230350F0000BDA1CC /* Drink.swift */,
				AEF0363430350F4500BDA1CC /* DrinkSize.swift */,
				AEF0363630350F6800BDA1CC /* MockPrices.swift */,
				AEF0363C303515C100BDA1CC /* User.swift */,
				AEF036523035BB2A00BDA1CC /* DrinkBrand.swift */,
				AEF036543035BB3F00BDA1CC /* DrinkBrands.swift */,
				AEF036633035E10000BDA1CC /* ContentReport.swift */,
				BRTA00013060000100000002 /* BarRating.swift */,
				AEA1BD713035ED1C00DE059C /* SupbabaseClient.swift */,
				BRTA0001306000010000000C /* BrandRequest.swift */,
				BRTA00013060000100000010 /* AmbienceStyle.swift */,
				BRTA0001306000010000002A /* Currency.swift */,
				BRTA00013060000100000015 /* UserLevel.swift */,
				BRTA00013060000100000019 /* DrinkStyle.swift */,
				BRTA0001306000010000001B /* ServingMethod.swift */,
				BRTA0001306000010000001D /* DrinkRating.swift */,
				BRTA00014000000000000040 /* Follow.swift */,
				BRTA00014000000000000041 /* BarGroup.swift */,
				BRTA00014000000000000042 /* Poll.swift */,
				BRTA00014000000000000043 /* PriceAlert.swift */,
				BRTA00014000000000000044 /* ActivityItem.swift */,
				BRTA0002A000000000000007 /* Badge.swift */,
			);
			path = Models;
			sourceTree = "<group>";
		};
		AEF0362D30350DFE00BDA1CC /* Theme */ = {
			isa = PBXGroup;
			children = (
				AEF0362E30350E1200BDA1CC /* BarTabColors.swift */,
				BRTA00013060000100000028 /* FlowLayout.swift */,
				AEF0365C3035C80000BDA1CC /* BarTabTheme.swift */,
				BRTA00013060000100000006 /* StarRatingView.swift */,
			);
			path = Theme;
			sourceTree = "<group>";
		};
		BRTA00013060000100000024 /* Resources */ = {
			isa = PBXGroup;
			children = (
			);
			path = Resources;
			sourceTree = "<group>";
		};
/* End PBXGroup section */

/* Begin PBXNativeTarget section */
		AE7839623034F16A00F1555E /* BarTab */ = {
			isa = PBXNativeTarget;
			buildConfigurationList = AE7839873034F16B00F1555E /* Build configuration list for PBXNativeTarget "BarTab" */;
			buildPhases = (
				AE78395F3034F16A00F1555E /* Sources */,
				AE7839603034F16A00F1555E /* Frameworks */,
				AE7839613034F16A00F1555E /* Resources */,
			);
			buildRules = (
			);
			dependencies = (
			);
			name = BarTab;
			productName = BarTab;
			productReference = AE7839633034F16A00F1555E /* BarTab.app */;
			productType = "com.apple.product-type.application";
		};
		AE7839723034F16B00F1555E /* BarTabTests */ = {
			isa = PBXNativeTarget;
			buildConfigurationList = AE78398A3034F16B00F1555E /* Build configuration list for PBXNativeTarget "BarTabTests" */;
			buildPhases = (
				AE78396F3034F16B00F1555E /* Sources */,
				AE7839703034F16B00F1555E /* Frameworks */,
				AE7839713034F16B00F1555E /* Resources */,
			);
			buildRules = (
			);
			dependencies = (
				AE7839753034F16B00F1555E /* PBXTargetDependency */,
			);
			name = BarTabTests;
			productName = BarTabTests;
			productReference = AE7839733034F16B00F1555E /* BarTabTests.xctest */;
			productType = "com.apple.product-type.bundle.unit-test";
		};
		AE78397C3034F16B00F1555E /* BarTabUITests */ = {
			isa = PBXNativeTarget;
			buildConfigurationList = AE78398D3034F16B00F1555E /* Build configuration list for PBXNativeTarget "BarTabUITests" */;
			buildPhases = (
				AE7839793034F16B00F1555E /* Sources */,
				AE78397A3034F16B00F1555E /* Frameworks */,
				AE78397B3034F16B00F1555E /* Resources */,
			);
			buildRules = (
			);
			dependencies = (
				AE78397F3034F16B00F1555E /* PBXTargetDependency */,
			);
			name = BarTabUITests;
			productName = BarTabUITests;
			productReference = AE78397D3034F16B00F1555E /* BarTabUITests.xctest */;
			productType = "com.apple.product-type.bundle.ui-testing";
		};
/* End PBXNativeTarget section */

/* Begin PBXProject section */
		AE78395B3034F16A00F1555E /* Project object */ = {
			isa = PBXProject;
			attributes = {
				BuildIndependentTargetsInParallel = 1;
				LastSwiftUpdateCheck = 1420;
				LastUpgradeCheck = 1420;
				TargetAttributes = {
					AE7839623034F16A00F1555E = {
						CreatedOnToolsVersion = 14.2;
					};
					AE7839723034F16B00F1555E = {
						CreatedOnToolsVersion = 14.2;
						TestTargetID = AE7839623034F16A00F1555E;
					};
					AE78397C3034F16B00F1555E = {
						CreatedOnToolsVersion = 14.2;
						TestTargetID = AE7839623034F16A00F1555E;
					};
				};
			};
			buildConfigurationList = AE78395E3034F16A00F1555E /* Build configuration list for PBXProject "BarTab" */;
			compatibilityVersion = "Xcode 14.0";
			developmentRegion = en;
			hasScannedForEncodings = 0;
			knownRegions = (
				en,
				de,
				fr,
				it,
				Base,
			);
			mainGroup = AE78395A3034F16A00F1555E;
			packageReferences = (
			);
			productRefGroup = AE7839643034F16A00F1555E /* Products */;
			projectDirPath = "";
			projectRoot = "";
			targets = (
				AE7839623034F16A00F1555E /* BarTab */,
				AE7839723034F16B00F1555E /* BarTabTests */,
				AE78397C3034F16B00F1555E /* BarTabUITests */,
			);
		};
/* End PBXProject section */

/* Begin PBXResourcesBuildPhase section */
		AE7839613034F16A00F1555E /* Resources */ = {
			isa = PBXResourcesBuildPhase;
			buildActionMask = 2147483647;
			files = (
				AE7839973034F4E700F1555E /* README.md in Resources */,
				AE78396E3034F16B00F1555E /* Preview Assets.xcassets in Resources */,
				AE78396B3034F16B00F1555E /* Assets.xcassets in Resources */,
				BRTA00013070000100000020 /* en.lproj in Resources */,
				BRTA00013070000100000021 /* de.lproj in Resources */,
				BRTA00013070000100000022 /* fr.lproj in Resources */,
				BRTA00013070000100000023 /* it.lproj in Resources */,
			);
			runOnlyForDeploymentPostprocessing = 0;
		};
		AE7839713034F16B00F1555E /* Resources */ = {
			isa = PBXResourcesBuildPhase;
			buildActionMask = 2147483647;
			files = (
			);
			runOnlyForDeploymentPostprocessing = 0;
		};
		AE78397B3034F16B00F1555E /* Resources */ = {
			isa = PBXResourcesBuildPhase;
			buildActionMask = 2147483647;
			files = (
			);
			runOnlyForDeploymentPostprocessing = 0;
		};
/* End PBXResourcesBuildPhase section */

/* Begin PBXSourcesBuildPhase section */
		AE78395F3034F16A00F1555E /* Sources */ = {
			isa = PBXSourcesBuildPhase;
			buildActionMask = 2147483647;
			files = (
				AEF0362C30350C5100BDA1CC /* BarView.swift in Sources */,
				AEF03628303509AB00BDA1CC /* Bar.swift in Sources */,
				AEF036593035C62000BDA1CC /* PriceConfidence.swift in Sources */,
				AEF03639303510D700BDA1CC /* AddPriceView.swift in Sources */,
				AEF036553035BB3F00BDA1CC /* DrinkBrands.swift in Sources */,
				AEF0365B3035C7FA00BDA1CC /* PriceSummary.swift in Sources */,
				BRTA0001306000010000002B /* ExchangeRateService.swift in Sources */,
				AEF036513035B9EE00BDA1CC /* PlaceSearchService.swift in Sources */,
				AEF0363730350F6800BDA1CC /* MockPrices.swift in Sources */,
				AEF036643035E10000BDA1CC /* ContentReport.swift in Sources */,
				AEF036663035E20000BDA1CC /* AdminReportsView.swift in Sources */,
				AEF036683035E20000BDA1CC /* ReportNotificationService.swift in Sources */,
				AEF0366A3035E30000BDA1CC /* KeychainService.swift in Sources */,
				AEF036723035E40000BDA1CC /* SupabaseAuthService.swift in Sources */,
				AEF0362F30350E1200BDA1CC /* BarTabColors.swift in Sources */,
				BRTA00013060000100000027 /* FlowLayout.swift in Sources */,
				AEF0361A3034F92700BDA1CC /* MapView.swift in Sources */,
				AEA1BD703035ECF800DE059C /* SupabaseDTOs.swift in Sources */,
				AEF0363130350EA400BDA1CC /* Price.swift in Sources */,
				AEF0363D303515C100BDA1CC /* User.swift in Sources */,
				AEF036413035160F00BDA1CC /* ProfileView.swift in Sources */,
				AEF0363530350F4500BDA1CC /* DrinkSize.swift in Sources */,
				AEF0364F3035B7DB00BDA1CC /* LocationPickerView.swift in Sources */,
				AEF0364730351C9700BDA1CC /* MyContributionsView.swift in Sources */,
				AEF036533035BB2A00BDA1CC /* DrinkBrand.swift in Sources */,
				AEF0364B3035260A00BDA1CC /* DistanceService.swift in Sources */,
				AEF03643303518F900BDA1CC /* MainTabView.swift in Sources */,
				AEF036223034FC6100BDA1CC /* LocationService.swift in Sources */,
				AE7839673034F16A00F1555E /* BarTabApp.swift in Sources */,
				AEF036573035BF5100BDA1CC /* LoginView.swift in Sources */,
				BRTA00014000000000000064 /* ForgotPasswordView.swift in Sources */,
				AEF0363330350F0000BDA1CC /* Drink.swift in Sources */,
				AEF0362A303509E500BDA1CC /* MockBar.swift in Sources */,
				AEF0363B3035140B00BDA1CC /* BarRepository.swift in Sources */,
				AEF0363F303515D400BDA1CC /* UserSession.swift in Sources */,
				AEF0364D3035B7AC00BDA1CC /* AddBarView.swift in Sources */,
				AEF0365D3035C80000BDA1CC /* BarTabTheme.swift in Sources */,
				AEA1BD723035ED1C00DE059C /* SupbabaseClient.swift in Sources */,
				AEF0365F3035C80000BDA1CC /* MyBarsView.swift in Sources */,
				AEF036623035E00000BDA1CC /* PriceTrendChart.swift in Sources */,
				BRTA00013060000100000001 /* BarRating.swift in Sources */,
				BRTA00013060000100000005 /* StarRatingView.swift in Sources */,
				BRTA00013060000100000007 /* RequestBrandSheet.swift in Sources */,
				BRTA00013060000100000009 /* AdminBrandRequestsView.swift in Sources */,
				BRTA0001306000010000000B /* BrandRequest.swift in Sources */,
				BRTA0001306000010000000D /* RateBarSheet.swift in Sources */,
				BRTA00013060000100000011 /* AmbienceStyle.swift in Sources */,
				BRTA00013060000100000029 /* Currency.swift in Sources */,
				BRTA00013060000100000012 /* NearbyView.swift in Sources */,
				BRTA00013060000100000014 /* UserLevel.swift in Sources */,
				BRTA00013060000100000016 /* SettingsView.swift in Sources */,
				BRTA00013060000100000026 /* LeaderboardView.swift in Sources */,
				BRTA00013060000100000018 /* DrinkStyle.swift in Sources */,
				BRTA0001306000010000001A /* ServingMethod.swift in Sources */,
				BRTA0001306000010000001C /* DrinkRating.swift in Sources */,
				BRTA0001306000010000001E /* LanguageManager.swift in Sources */,
				BRTA00013060000100000033 /* ToastCenter.swift in Sources */,
				BRTA00013060000100000034 /* AvatarService.swift in Sources */,
				BRTA00013060000100000036 /* HapticEngine.swift in Sources */,
				BRTA00013060000100000038 /* DrinkRatingSheet.swift in Sources */,
				BRTA00014000000000000050 /* Follow.swift in Sources */,
				BRTA00014000000000000051 /* BarGroup.swift in Sources */,
				BRTA00014000000000000052 /* Poll.swift in Sources */,
				BRTA00014000000000000053 /* PriceAlert.swift in Sources */,
				BRTA00014000000000000054 /* ActivityItem.swift in Sources */,
				BRTA00014000000000000055 /* FollowButton.swift in Sources */,
				BRTA00014000000000000056 /* ActivityFeedView.swift in Sources */,
				BRTA00014000000000000057 /* GroupPlanningView.swift in Sources */,
				BRTA00014000000000000058 /* CreateGroupSheet.swift in Sources */,
				BRTA00014000000000000059 /* GroupDetailView.swift in Sources */,
				BRTA0001400000000000005A /* CreatePollSheet.swift in Sources */,
				BRTA0001400000000000005B /* InviteMemberSheet.swift in Sources */,
				BRTA0001400000000000005C /* SetAlertSheet.swift in Sources */,
				BRTA0001400000000000005D /* PriceAlertListView.swift in Sources */,
				BRTA00014000000000000060 /* FindUsersView.swift in Sources */,
				BRTA00014000000000000062 /* FollowRequestsView.swift in Sources */,
				BRTA0002A000000000000010 /* FollowingListView.swift in Sources */,
				BRTA0002A000000000000002 /* PriceAlertService.swift in Sources */,
				BRTA0002A000000000000004 /* EditBarView.swift in Sources */,
				BRTA0002A000000000000006 /* OnboardingView.swift in Sources */,
				BRTA0002A000000000000008 /* Badge.swift in Sources */,
				BRTA0002A00000000000000A /* BadgeService.swift in Sources */,
				BRTA0002A00000000000000C /* BadgeGridView.swift in Sources */,
				BRTA0002A00000000000000E /* DrinkComparisonView.swift in Sources */,
				D89F6316A443377571D44C4B /* UserAvatarView.swift in Sources */,
			);
			runOnlyForDeploymentPostprocessing = 0;
		};
		AE78396F3034F16B00F1555E /* Sources */ = {
			isa = PBXSourcesBuildPhase;
			buildActionMask = 2147483647;
			files = (
				AE7839783034F16B00F1555E /* BarTabTests.swift in Sources */,
			);
			runOnlyForDeploymentPostprocessing = 0;
		};
		AE7839793034F16B00F1555E /* Sources */ = {
			isa = PBXSourcesBuildPhase;
			buildActionMask = 2147483647;
			files = (
				AE7839843034F16B00F1555E /* BarTabUITestsLaunchTests.swift in Sources */,
				AE7839823034F16B00F1555E /* BarTabUITests.swift in Sources */,
			);
			runOnlyForDeploymentPostprocessing = 0;
		};
/* End PBXSourcesBuildPhase section */

/* Begin PBXTargetDependency section */
		AE7839753034F16B00F1555E /* PBXTargetDependency */ = {
			isa = PBXTargetDependency;
			target = AE7839623034F16A00F1555E /* BarTab */;
			targetProxy = AE7839743034F16B00F1555E /* PBXContainerItemProxy */;
		};
		AE78397F3034F16B00F1555E /* PBXTargetDependency */ = {
			isa = PBXTargetDependency;
			target = AE7839623034F16A00F1555E /* BarTab */;
			targetProxy = AE78397E3034F16B00F1555E /* PBXContainerItemProxy */;
		};
/* End PBXTargetDependency section */

/* Begin XCBuildConfiguration section */
		AE7839853034F16B00F1555E /* Debug */ = {
			isa = XCBuildConfiguration;
			buildSettings = {
				ALWAYS_SEARCH_USER_PATHS = NO;
				CLANG_ANALYZER_NONNULL = YES;
				CLANG_ANALYZER_NUMBER_OBJECT_CONVERSION = YES_AGGRESSIVE;
				CLANG_CXX_LANGUAGE_STANDARD = "gnu++20";
				CLANG_ENABLE_MODULES = YES;
				CLANG_ENABLE_OBJC_ARC = YES;
				CLANG_ENABLE_OBJC_WEAK = YES;
				CLANG_WARN_BLOCK_CAPTURE_AUTORELEASING = YES;
				CLANG_WARN_BOOL_CONVERSION = YES;
				CLANG_WARN_COMMA = YES;
				CLANG_WARN_CONSTANT_CONVERSION = YES;
				CLANG_WARN_DEPRECATED_OBJC_IMPLEMENTATIONS = YES;
				CLANG_WARN_DIRECT_OBJC_ISA_USAGE = YES_ERROR;
				CLANG_WARN_DOCUMENTATION_COMMENTS = YES;
				CLANG_WARN_EMPTY_BODY = YES;
				CLANG_WARN_ENUM_CONVERSION = YES;
				CLANG_WARN_INFINITE_RECURSION = YES;
				CLANG_WARN_INT_CONVERSION = YES;
				CLANG_WARN_NON_LITERAL_NULL_CONVERSION = YES;
				CLANG_WARN_OBJC_IMPLICIT_RETAIN_SELF = YES;
				CLANG_WARN_OBJC_LITERAL_CONVERSION = YES;
				CLANG_WARN_OBJC_ROOT_CLASS = YES_ERROR;
				CLANG_WARN_QUOTED_INCLUDE_IN_FRAMEWORK_HEADER = YES;
				CLANG_WARN_RANGE_LOOP_ANALYSIS = YES;
				CLANG_WARN_STRICT_PROTOTYPES = YES;
				CLANG_WARN_SUSPICIOUS_MOVE = YES;
				CLANG_WARN_UNGUARDED_AVAILABILITY = YES_AGGRESSIVE;
				CLANG_WARN_UNREACHABLE_CODE = YES;
				CLANG_WARN__DUPLICATE_METHOD_MATCH = YES;
				COPY_PHASE_STRIP = NO;
				DEBUG_INFORMATION_FORMAT = dwarf;
				ENABLE_STRICT_OBJC_MSGSEND = YES;
				ENABLE_TESTABILITY = YES;
				GCC_C_LANGUAGE_STANDARD = gnu11;
				GCC_DYNAMIC_NO_PIC = NO;
				GCC_NO_COMMON_BLOCKS = YES;
				GCC_OPTIMIZATION_LEVEL = 0;
				GCC_PREPROCESSOR_DEFINITIONS = (
					"DEBUG=1",
					"$(inherited)",
				);
				GCC_WARN_64_TO_32_BIT_CONVERSION = YES;
				GCC_WARN_ABOUT_RETURN_TYPE = YES_ERROR;
				GCC_WARN_UNDECLARED_SELECTOR = YES;
				GCC_WARN_UNINITIALIZED_AUTOS = YES_AGGRESSIVE;
				GCC_WARN_UNUSED_FUNCTION = YES;
				GCC_WARN_UNUSED_VARIABLE = YES;
				IPHONEOS_DEPLOYMENT_TARGET = 16.2;
				MTL_ENABLE_DEBUG_INFO = INCLUDE_SOURCE;
				MTL_FAST_MATH = YES;
				ONLY_ACTIVE_ARCH = YES;
				SDKROOT = iphoneos;
				SWIFT_ACTIVE_COMPILATION_CONDITIONS = DEBUG;
				SWIFT_OPTIMIZATION_LEVEL = "-Onone";
			};
			name = Debug;
		};
		AE7839863034F16B00F1555E /* Release */ = {
			isa = XCBuildConfiguration;
			buildSettings = {
				ALWAYS_SEARCH_USER_PATHS = NO;
				CLANG_ANALYZER_NONNULL = YES;
				CLANG_ANALYZER_NUMBER_OBJECT_CONVERSION = YES_AGGRESSIVE;
				CLANG_CXX_LANGUAGE_STANDARD = "gnu++20";
				CLANG_ENABLE_MODULES = YES;
				CLANG_ENABLE_OBJC_ARC = YES;
				CLANG_ENABLE_OBJC_WEAK = YES;
				CLANG_WARN_BLOCK_CAPTURE_AUTORELEASING = YES;
				CLANG_WARN_BOOL_CONVERSION = YES;
				CLANG_WARN_COMMA = YES;
				CLANG_WARN_CONSTANT_CONVERSION = YES;
				CLANG_WARN_DEPRECATED_OBJC_IMPLEMENTATIONS = YES;
				CLANG_WARN_DIRECT_OBJC_ISA_USAGE = YES_ERROR;
				CLANG_WARN_DOCUMENTATION_COMMENTS = YES;
				CLANG_WARN_EMPTY_BODY = YES;
				CLANG_WARN_ENUM_CONVERSION = YES;
				CLANG_WARN_INFINITE_RECURSION = YES;
				CLANG_WARN_INT_CONVERSION = YES;
				CLANG_WARN_NON_LITERAL_NULL_CONVERSION = YES;
				CLANG_WARN_OBJC_IMPLICIT_RETAIN_SELF = YES;
				CLANG_WARN_OBJC_LITERAL_CONVERSION = YES;
				CLANG_WARN_OBJC_ROOT_CLASS = YES_ERROR;
				CLANG_WARN_QUOTED_INCLUDE_IN_FRAMEWORK_HEADER = YES;
				CLANG_WARN_RANGE_LOOP_ANALYSIS = YES;
				CLANG_WARN_STRICT_PROTOTYPES = YES;
				CLANG_WARN_SUSPICIOUS_MOVE = YES;
				CLANG_WARN_UNGUARDED_AVAILABILITY = YES_AGGRESSIVE;
				CLANG_WARN_UNREACHABLE_CODE = YES;
				CLANG_WARN__DUPLICATE_METHOD_MATCH = YES;
				COPY_PHASE_STRIP = NO;
				DEBUG_INFORMATION_FORMAT = "dwarf-with-dsym";
				ENABLE_NS_ASSERTIONS = NO;
				ENABLE_STRICT_OBJC_MSGSEND = YES;
				GCC_C_LANGUAGE_STANDARD = gnu11;
				GCC_NO_COMMON_BLOCKS = YES;
				GCC_WARN_64_TO_32_BIT_CONVERSION = YES;
				GCC_WARN_ABOUT_RETURN_TYPE = YES_ERROR;
				GCC_WARN_UNDECLARED_SELECTOR = YES;
				GCC_WARN_UNINITIALIZED_AUTOS = YES_AGGRESSIVE;
				GCC_WARN_UNUSED_FUNCTION = YES;
				GCC_WARN_UNUSED_VARIABLE = YES;
				IPHONEOS_DEPLOYMENT_TARGET = 16.2;
				MTL_ENABLE_DEBUG_INFO = NO;
				MTL_FAST_MATH = YES;
				SDKROOT = iphoneos;
				SWIFT_COMPILATION_MODE = wholemodule;
				SWIFT_OPTIMIZATION_LEVEL = "-O";
				VALIDATE_PRODUCT = YES;
			};
			name = Release;
		};
		AE7839883034F16B00F1555E /* Debug */ = {
			isa = XCBuildConfiguration;
			buildSettings = {
				ASSETCATALOG_COMPILER_APPICON_NAME = AppIcon;
				ASSETCATALOG_COMPILER_GLOBAL_ACCENT_COLOR_NAME = AccentColor;
				CODE_SIGN_ENTITLEMENTS = BarTab/BarTab.entitlements;
				CODE_SIGN_IDENTITY = "Apple Development";
				CODE_SIGN_STYLE = Automatic;
				CURRENT_PROJECT_VERSION = 1;
				DEVELOPMENT_ASSET_PATHS = "\"BarTab/Preview Content\"";
				DEVELOPMENT_TEAM = LUHP6G9833;
				ENABLE_PREVIEWS = YES;
				GENERATE_INFOPLIST_FILE = YES;
				INFOPLIST_FILE = BarTab/Info.plist;
				INFOPLIST_KEY_NSLocationWhenInUseUsageDescription = "BarTab uses your Location to show nearby bars and their drink prices.";
				INFOPLIST_KEY_UIApplicationSceneManifest_Generation = YES;
				INFOPLIST_KEY_UIApplicationSupportsIndirectInputEvents = YES;
				INFOPLIST_KEY_UILaunchScreen_Generation = YES;
				INFOPLIST_KEY_UISupportedInterfaceOrientations_iPad = "UIInterfaceOrientationPortrait UIInterfaceOrientationPortraitUpsideDown UIInterfaceOrientationLandscapeLeft UIInterfaceOrientationLandscapeRight";
				INFOPLIST_KEY_UISupportedInterfaceOrientations_iPhone = "UIInterfaceOrientationPortrait UIInterfaceOrientationLandscapeLeft UIInterfaceOrientationLandscapeRight";
				LD_RUNPATH_SEARCH_PATHS = (
					"$(inherited)",
					"@executable_path/Frameworks",
				);
				MARKETING_VERSION = 1.0;
				PRODUCT_BUNDLE_IDENTIFIER = com.example.BarTap;
				PRODUCT_NAME = "$(TARGET_NAME)";
				PROVISIONING_PROFILE_SPECIFIER = "";
				SWIFT_EMIT_LOC_STRINGS = YES;
				SWIFT_VERSION = 5.0;
				TARGETED_DEVICE_FAMILY = "1,2";
			};
			name = Debug;
		};
		AE7839893034F16B00F1555E /* Release */ = {
			isa = XCBuildConfiguration;
			buildSettings = {
				ASSETCATALOG_COMPILER_APPICON_NAME = AppIcon;
				ASSETCATALOG_COMPILER_GLOBAL_ACCENT_COLOR_NAME = AccentColor;
				CODE_SIGN_ENTITLEMENTS = BarTab/BarTab.entitlements;
				CODE_SIGN_IDENTITY = "Apple Development";
				CODE_SIGN_STYLE = Automatic;
				CURRENT_PROJECT_VERSION = 1;
				DEVELOPMENT_ASSET_PATHS = "\"BarTab/Preview Content\"";
				DEVELOPMENT_TEAM = LUHP6G9833;
				ENABLE_PREVIEWS = YES;
				GENERATE_INFOPLIST_FILE = YES;
				INFOPLIST_FILE = BarTab/Info.plist;
				INFOPLIST_KEY_NSLocationWhenInUseUsageDescription = "BarTab uses your Location to show nearby bars and their drink prices.";
				INFOPLIST_KEY_UIApplicationSceneManifest_Generation = YES;
				INFOPLIST_KEY_UIApplicationSupportsIndirectInputEvents = YES;
				INFOPLIST_KEY_UILaunchScreen_Generation = YES;
				INFOPLIST_KEY_UISupportedInterfaceOrientations_iPad = "UIInterfaceOrientationPortrait UIInterfaceOrientationPortraitUpsideDown UIInterfaceOrientationLandscapeLeft UIInterfaceOrientationLandscapeRight";
				INFOPLIST_KEY_UISupportedInterfaceOrientations_iPhone = "UIInterfaceOrientationPortrait UIInterfaceOrientationLandscapeLeft UIInterfaceOrientationLandscapeRight";
				LD_RUNPATH_SEARCH_PATHS = (
					"$(inherited)",
					"@executable_path/Frameworks",
				);
				MARKETING_VERSION = 1.0;
				PRODUCT_BUNDLE_IDENTIFIER = com.example.BarTap;
				PRODUCT_NAME = "$(TARGET_NAME)";
				PROVISIONING_PROFILE_SPECIFIER = "";
				SWIFT_EMIT_LOC_STRINGS = YES;
				SWIFT_VERSION = 5.0;
				TARGETED_DEVICE_FAMILY = "1,2";
			};
			name = Release;
		};
		AE78398B3034F16B00F1555E /* Debug */ = {
			isa = XCBuildConfiguration;
			buildSettings = {
				ALWAYS_EMBED_SWIFT_STANDARD_LIBRARIES = YES;
				BUNDLE_LOADER = "$(TEST_HOST)";
				CODE_SIGN_STYLE = Automatic;
				CURRENT_PROJECT_VERSION = 1;
				GENERATE_INFOPLIST_FILE = YES;
				IPHONEOS_DEPLOYMENT_TARGET = 16.2;
				MARKETING_VERSION = 1.0;
				PRODUCT_BUNDLE_IDENTIFIER = com.example.BarTabTests;
				PRODUCT_NAME = "$(TARGET_NAME)";
				SWIFT_EMIT_LOC_STRINGS = NO;
				SWIFT_VERSION = 5.0;
				TARGETED_DEVICE_FAMILY = "1,2";
				TEST_HOST = "$(BUILT_PRODUCTS_DIR)/BarTab.app/$(BUNDLE_EXECUTABLE_FOLDER_PATH)/BarTab";
			};
			name = Debug;
		};
		AE78398C3034F16B00F1555E /* Release */ = {
			isa = XCBuildConfiguration;
			buildSettings = {
				ALWAYS_EMBED_SWIFT_STANDARD_LIBRARIES = YES;
				BUNDLE_LOADER = "$(TEST_HOST)";
				CODE_SIGN_STYLE = Automatic;
				CURRENT_PROJECT_VERSION = 1;
				GENERATE_INFOPLIST_FILE = YES;
				IPHONEOS_DEPLOYMENT_TARGET = 16.2;
				MARKETING_VERSION = 1.0;
				PRODUCT_BUNDLE_IDENTIFIER = com.example.BarTabTests;
				PRODUCT_NAME = "$(TARGET_NAME)";
				SWIFT_EMIT_LOC_STRINGS = NO;
				SWIFT_VERSION = 5.0;
				TARGETED_DEVICE_FAMILY = "1,2";
				TEST_HOST = "$(BUILT_PRODUCTS_DIR)/BarTab.app/$(BUNDLE_EXECUTABLE_FOLDER_PATH)/BarTab";
			};
			name = Release;
		};
		AE78398E3034F16B00F1555E /* Debug */ = {
			isa = XCBuildConfiguration;
			buildSettings = {
				ALWAYS_EMBED_SWIFT_STANDARD_LIBRARIES = YES;
				CODE_SIGN_STYLE = Automatic;
				CURRENT_PROJECT_VERSION = 1;
				GENERATE_INFOPLIST_FILE = YES;
				MARKETING_VERSION = 1.0;
				PRODUCT_BUNDLE_IDENTIFIER = com.example.BarTabUITests;
				PRODUCT_NAME = "$(TARGET_NAME)";
				SWIFT_EMIT_LOC_STRINGS = NO;
				SWIFT_VERSION = 5.0;
				TARGETED_DEVICE_FAMILY = "1,2";
				TEST_TARGET_NAME = BarTab;
			};
			name = Debug;
		};
		AE78398F3034F16B00F1555E /* Release */ = {
			isa = XCBuildConfiguration;
			buildSettings = {
				ALWAYS_EMBED_SWIFT_STANDARD_LIBRARIES = YES;
				CODE_SIGN_STYLE = Automatic;
				CURRENT_PROJECT_VERSION = 1;
				GENERATE_INFOPLIST_FILE = YES;
				MARKETING_VERSION = 1.0;
				PRODUCT_BUNDLE_IDENTIFIER = com.example.BarTabUITests;
				PRODUCT_NAME = "$(TARGET_NAME)";
				SWIFT_EMIT_LOC_STRINGS = NO;
				SWIFT_VERSION = 5.0;
				TARGETED_DEVICE_FAMILY = "1,2";
				TEST_TARGET_NAME = BarTab;
			};
			name = Release;
		};
/* End XCBuildConfiguration section */

/* Begin XCConfigurationList section */
		AE78395E3034F16A00F1555E /* Build configuration list for PBXProject "BarTab" */ = {
			isa = XCConfigurationList;
			buildConfigurations = (
				AE7839853034F16B00F1555E /* Debug */,
				AE7839863034F16B00F1555E /* Release */,
			);
			defaultConfigurationIsVisible = 0;
			defaultConfigurationName = Release;
		};
		AE7839873034F16B00F1555E /* Build configuration list for PBXNativeTarget "BarTab" */ = {
			isa = XCConfigurationList;
			buildConfigurations = (
				AE7839883034F16B00F1555E /* Debug */,
				AE7839893034F16B00F1555E /* Release */,
			);
			defaultConfigurationIsVisible = 0;
			defaultConfigurationName = Release;
		};
		AE78398A3034F16B00F1555E /* Build configuration list for PBXNativeTarget "BarTabTests" */ = {
			isa = XCConfigurationList;
			buildConfigurations = (
				AE78398B3034F16B00F1555E /* Debug */,
				AE78398C3034F16B00F1555E /* Release */,
			);
			defaultConfigurationIsVisible = 0;
			defaultConfigurationName = Release;
		};
		AE78398D3034F16B00F1555E /* Build configuration list for PBXNativeTarget "BarTabUITests" */ = {
			isa = XCConfigurationList;
			buildConfigurations = (
				AE78398E3034F16B00F1555E /* Debug */,
				AE78398F3034F16B00F1555E /* Release */,
			);
			defaultConfigurationIsVisible = 0;
			defaultConfigurationName = Release;
		};
/* End XCConfigurationList section */
	};
	rootObject = AE78395B3034F16A00F1555E /* Project object */;
}
